
Microsoft Visual Studio Solution File, Format Version 12.00
# Visual Studio Version 17
VisualStudioVersion = 17.2.32616.157
MinimumVisualStudioVersion = 10.0.40219.1
Project("{9A19103F-16F7-4668-BE54-9A1E7A4F7556}") = "OnlineMarket", "OnlineMarket\OnlineMarket.csproj", "{BF3314B2-81B2-4409-BF5C-F435B12304DA}"
EndProject
Global
	GlobalSection(SolutionConfigurationPlatforms) = preSolution
		Debug|Any CPU = Debug|Any CPU
		Release|Any CPU = Release|Any CPU
	EndGlobalSection
	GlobalSection(ProjectConfigurationPlatforms) = postSolution
		{BF3314B2-81B2-4409-BF5C-F435B12304DA}.Debug|Any CPU.ActiveCfg = Debug|Any CPU
		{BF3314B2-81B2-4409-BF5C-F435B12304DA}.Debug|Any CPU.Build.0 = Debug|Any CPU
		{BF3314B2-81B2-4409-BF5C-F435B12304DA}.Release|Any CPU.ActiveCfg = Release|Any CPU
		{BF3314B2-81B2-4409-BF5C-F435B12304DA}.Release|Any CPU.Build.0 = Release|Any CPU
	EndGlobalSection
	GlobalSection(SolutionProperties) = preSolution
		HideSolutionNode = FALSE
	EndGlobalSection
	GlobalSection(ExtensibilityGlobals) = postSolution
		SolutionGuid = {6CE9091E-4D37-4631-BDEE-C73CD63F45AC}
	EndGlobalSection
EndGlobal
